
Microsoft Visual Studio Solution File, Format Version 12.00
# Visual Studio Version 17
VisualStudioVersion = 17.3.32825.248
MinimumVisualStudioVersion = 10.0.40219.1
Project("{FAE04EC0-301F-11D3-BF4B-00C04F79EFBC}") = "Chushka", "Chushka\Chushka.csproj", "{3B32DE79-8EE5-4C2B-AFD5-6F2808051541}"
EndProject
Global
	GlobalSection(SolutionConfigurationPlatforms) = preSolution
		Debug|Any CPU = Debug|Any CPU
		Release|Any CPU = Release|Any CPU
	EndGlobalSection
	GlobalSection(ProjectConfigurationPlatforms) = postSolution
		{3B32DE79-8EE5-4C2B-AFD5-6F2808051541}.Debug|Any CPU.ActiveCfg = Debug|Any CPU
		{3B32DE79-8EE5-4C2B-AFD5-6F2808051541}.Debug|Any CPU.Build.0 = Debug|Any CPU
		{3B32DE79-8EE5-4C2B-AFD5-6F2808051541}.Release|Any CPU.ActiveCfg = Release|Any CPU
		{3B32DE79-8EE5-4C2B-AFD5-6F2808051541}.Release|Any CPU.Build.0 = Release|Any CPU
	EndGlobalSection
	GlobalSection(SolutionProperties) = preSolution
		HideSolutionNode = FALSE
	EndGlobalSection
	GlobalSection(ExtensibilityGlobals) = postSolution
		SolutionGuid = {08B00508-823F-494C-B323-6DA49BCF4DB1}
	EndGlobalSection
EndGlobal
